// !$*UTF8*$!
{
	archiveVersion = 1;
	classes = {
	};
	objectVersion = 56;
	objects = {

/* Begin PBXBuildFile section */
		F407E4942B9BC58F00E17FA7 /* AdsViewController.swift in Sources */ = {isa = PBXBuildFile; fileRef = F407E4932B9BC58F00E17FA7 /* AdsViewController.swift */; };
		F4307E392B8D922F0045A146 /* Webservice.swift in Sources */ = {isa = PBXBuildFile; fileRef = F4307E382B8D922F0045A146 /* Webservice.swift */; };
		F4307E3D2B8D92C20045A146 /* ResultModel.swift in Sources */ = {isa = PBXBuildFile; fileRef = F4307E3C2B8D92C10045A146 /* ResultModel.swift */; };
		F4307E3F2B8D96F00045A146 /* Constants.swift in Sources */ = {isa = PBXBuildFile; fileRef = F4307E3E2B8D96F00045A146 /* Constants.swift */; };
		F4307E412B8D98A70045A146 /* LoginViewModel.swift in Sources */ = {isa = PBXBuildFile; fileRef = F4307E402B8D98A70045A146 /* LoginViewModel.swift */; };
		F4307E442B8D99720045A146 /* RxCocoa in Frameworks */ = {isa = PBXBuildFile; productRef = F4307E432B8D99720045A146 /* RxCocoa */; };
		F4307E462B8D99720045A146 /* RxSwift in Frameworks */ = {isa = PBXBuildFile; productRef = F4307E452B8D99720045A146 /* RxSwift */; };
		F441C2AE2B602039006D1883 /* AppDelegate.swift in Sources */ = {isa = PBXBuildFile; fileRef = F441C2AD2B602039006D1883 /* AppDelegate.swift */; };
		F441C2B02B602039006D1883 /* SceneDelegate.swift in Sources */ = {isa = PBXBuildFile; fileRef = F441C2AF2B602039006D1883 /* SceneDelegate.swift */; };
		F441C2B22B602039006D1883 /* LoginViewController.swift in Sources */ = {isa = PBXBuildFile; fileRef = F441C2B12B602039006D1883 /* LoginViewController.swift */; };
		F441C2B52B602039006D1883 /* Main.storyboard in Resources */ = {isa = PBXBuildFile; fileRef = F441C2B32B602039006D1883 /* Main.storyboard */; };
		F441C2B72B60203B006D1883 /* Assets.xcassets in Resources */ = {isa = PBXBuildFile; fileRef = F441C2B62B60203B006D1883 /* Assets.xcassets */; };
		F441C2BA2B60203B006D1883 /* LaunchScreen.storyboard in Resources */ = {isa = PBXBuildFile; fileRef = F441C2B82B60203B006D1883 /* LaunchScreen.storyboard */; };
		F44449D22B98DF31004D9C6B /* HomeViewController.swift in Sources */ = {isa = PBXBuildFile; fileRef = F44449D12B98DF31004D9C6B /* HomeViewController.swift */; };
/* End PBXBuildFile section */

/* Begin PBXFileReference section */
		F407E4932B9BC58F00E17FA7 /* AdsViewController.swift */ = {isa = PBXFileReference; lastKnownFileType = sourcecode.swift; path = AdsViewController.swift; sourceTree = "<group>"; };
		F4307E382B8D922F0045A146 /* Webservice.swift */ = {isa = PBXFileReference; lastKnownFileType = sourcecode.swift; path = Webservice.swift; sourceTree = "<group>"; };
		F4307E3C2B8D92C10045A146 /* ResultModel.swift */ = {isa = PBXFileReference; lastKnownFileType = sourcecode.swift; path = ResultModel.swift; sourceTree = "<group>"; };
		F4307E3E2B8D96F00045A146 /* Constants.swift */ = {isa = PBXFileReference; lastKnownFileType = sourcecode.swift; path = Constants.swift; sourceTree = "<group>"; };
		F4307E402B8D98A70045A146 /* LoginViewModel.swift */ = {isa = PBXFileReference; lastKnownFileType = sourcecode.swift; path = LoginViewModel.swift; sourceTree = "<group>"; };
		F441C2AA2B602039006D1883 /* OtoGaleri.app */ = {isa = PBXFileReference; explicitFileType = wrapper.application; includeInIndex = 0; path = OtoGaleri.app; sourceTree = BUILT_PRODUCTS_DIR; };
		F441C2AD2B602039006D1883 /* AppDelegate.swift */ = {isa = PBXFileReference; lastKnownFileType = sourcecode.swift; path = AppDelegate.swift; sourceTree = "<group>"; };
		F441C2AF2B602039006D1883 /* SceneDelegate.swift */ = {isa = PBXFileReference; lastKnownFileType = sourcecode.swift; path = SceneDelegate.swift; sourceTree = "<group>"; };
		F441C2B12B602039006D1883 /* LoginViewController.swift */ = {isa = PBXFileReference; lastKnownFileType = sourcecode.swift; path = LoginViewController.swift; sourceTree = "<group>"; };
		F441C2B42B602039006D1883 /* Base */ = {isa = PBXFileReference; lastKnownFileType = file.storyboard; name = Base; path = Base.lproj/Main.storyboard; sourceTree = "<group>"; };
		F441C2B62B60203B006D1883 /* Assets.xcassets */ = {isa = PBXFileReference; lastKnownFileType = folder.assetcatalog; path = Assets.xcassets; sourceTree = "<group>"; };
		F441C2B92B60203B006D1883 /* Base */ = {isa = PBXFileReference; lastKnownFileType = file.storyboard; name = Base; path = Base.lproj/LaunchScreen.storyboard; sourceTree = "<group>"; };
		F441C2BB2B60203B006D1883 /* Info.plist */ = {isa = PBXFileReference; lastKnownFileType = text.plist.xml; path = Info.plist; sourceTree = "<group>"; };
		F44449D12B98DF31004D9C6B /* HomeViewController.swift */ = {isa = PBXFileReference; lastKnownFileType = sourcecode.swift; path = HomeViewController.swift; sourceTree = "<group>"; };
/* End PBXFileReference section */

/* Begin PBXFrameworksBuildPhase section */
		F441C2A72B602039006D1883 /* Frameworks */ = {
			isa = PBXFrameworksBuildPhase;
			buildActionMask = 2147483647;
			files = (
				F4307E462B8D99720045A146 /* RxSwift in Frameworks */,
				F4307E442B8D99720045A146 /* RxCocoa in Frameworks */,
			);
			runOnlyForDeploymentPostprocessing = 0;
		};
/* End PBXFrameworksBuildPhase section */

/* Begin PBXGroup section */
		F4307E372B8D91F80045A146 /* Service */ = {
			isa = PBXGroup;
			children = (
				F4307E382B8D922F0045A146 /* Webservice.swift */,
			);
			path = Service;
			sourceTree = "<group>";
		};
		F441C2A12B602039006D1883 = {
			isa = PBXGroup;
			children = (
				F441C2AC2B602039006D1883 /* OtoGaleri */,
				F441C2AB2B602039006D1883 /* Products */,
			);
			sourceTree = "<group>";
		};
		F441C2AB2B602039006D1883 /* Products */ = {
			isa = PBXGroup;
			children = (
				F441C2AA2B602039006D1883 /* OtoGaleri.app */,
			);
			name = Products;
			sourceTree = "<group>";
		};
		F441C2AC2B602039006D1883 /* OtoGaleri */ = {
			isa = PBXGroup;
			children = (
				F4307E372B8D91F80045A146 /* Service */,
				F441C2C42B60207F006D1883 /* Constants */,
				F441C2C32B60206F006D1883 /* View */,
				F441C2C22B602066006D1883 /* ViewModel */,
				F441C2C12B602058006D1883 /* Model */,
				F441C2AD2B602039006D1883 /* AppDelegate.swift */,
				F441C2B32B602039006D1883 /* Main.storyboard */,
				F441C2AF2B602039006D1883 /* SceneDelegate.swift */,
				F441C2B62B60203B006D1883 /* Assets.xcassets */,
				F441C2B82B60203B006D1883 /* LaunchScreen.storyboard */,
				F441C2BB2B60203B006D1883 /* Info.plist */,
			);
			path = OtoGaleri;
			sourceTree = "<group>";
		};
		F441C2C12B602058006D1883 /* Model */ = {
			isa = PBXGroup;
			children = (
				F4307E3C2B8D92C10045A146 /* ResultModel.swift */,
			);
			path = Model;
			sourceTree = "<group>";
		};
		F441C2C22B602066006D1883 /* ViewModel */ = {
			isa = PBXGroup;
			children = (
				F4307E402B8D98A70045A146 /* LoginViewModel.swift */,
			);
			path = ViewModel;
			sourceTree = "<group>";
		};
		F441C2C32B60206F006D1883 /* View */ = {
			isa = PBXGroup;
			children = (
				F441C2B12B602039006D1883 /* LoginViewController.swift */,
				F44449D12B98DF31004D9C6B /* HomeViewController.swift */,
				F407E4932B9BC58F00E17FA7 /* AdsViewController.swift */,
			);
			path = View;
			sourceTree = "<group>";
		};
		F441C2C42B60207F006D1883 /* Constants */ = {
			isa = PBXGroup;
			children = (
				F4307E3E2B8D96F00045A146 /* Constants.swift */,
			);
			path = Constants;
			sourceTree = "<group>";
		};
/* End PBXGroup section */

/* Begin PBXNativeTarget section */
		F441C2A92B602039006D1883 /* OtoGaleri */ = {
			isa = PBXNativeTarget;
			buildConfigurationList = F441C2BE2B60203B006D1883 /* Build configuration list for PBXNativeTarget "OtoGaleri" */;
			buildPhases = (
				F441C2A62B602039006D1883 /* Sources */,
				F441C2A72B602039006D1883 /* Frameworks */,
				F441C2A82B602039006D1883 /* Resources */,
			);
			buildRules = (
			);
			dependencies = (
			);
			name = OtoGaleri;
			packageProductDependencies = (
				F4307E432B8D99720045A146 /* RxCocoa */,
				F4307E452B8D99720045A146 /* RxSwift */,
			);
			productName = OtoGaleri;
			productReference = F441C2AA2B602039006D1883 /* OtoGaleri.app */;
			productType = "com.apple.product-type.application";
		};
/* End PBXNativeTarget section */

/* Begin PBXProject section */
		F441C2A22B602039006D1883 /* Project object */ = {
			isa = PBXProject;
			attributes = {
				BuildIndependentTargetsInParallel = 1;
				LastSwiftUpdateCheck = 1520;
				LastUpgradeCheck = 1520;
				TargetAttributes = {
					F441C2A92B602039006D1883 = {
						CreatedOnToolsVersion = 15.2;
					};
				};
			};
			buildConfigurationList = F441C2A52B602039006D1883 /* Build configuration list for PBXProject "OtoGaleri" */;
			compatibilityVersion = "Xcode 14.0";
			developmentRegion = en;
			hasScannedForEncodings = 0;
			knownRegions = (
				en,
				Base,
			);
			mainGroup = F441C2A12B602039006D1883;
			packageReferences = (
				F4307E422B8D99720045A146 /* XCRemoteSwiftPackageReference "RxSwift" */,
			);
			productRefGroup = F441C2AB2B602039006D1883 /* Products */;
			projectDirPath = "";
			projectRoot = "";
			targets = (
				F441C2A92B602039006D1883 /* OtoGaleri */,
			);
		};
/* End PBXProject section */

/* Begin PBXResourcesBuildPhase section */
		F441C2A82B602039006D1883 /* Resources */ = {
			isa = PBXResourcesBuildPhase;
			buildActionMask = 2147483647;
			files = (
				F441C2BA2B60203B006D1883 /* LaunchScreen.storyboard in Resources */,
				F441C2B72B60203B006D1883 /* Assets.xcassets in Resources */,
				F441C2B52B602039006D1883 /* Main.storyboard in Resources */,
			);
			runOnlyForDeploymentPostprocessing = 0;
		};
/* End PBXResourcesBuildPhase section */

/* Begin PBXSourcesBuildPhase section */
		F441C2A62B602039006D1883 /* Sources */ = {
			isa = PBXSourcesBuildPhase;
			buildActionMask = 2147483647;
			files = (
				F441C2B22B602039006D1883 /* LoginViewController.swift in Sources */,
				F441C2AE2B602039006D1883 /* AppDelegate.swift in Sources */,
				F4307E392B8D922F0045A146 /* Webservice.swift in Sources */,
				F4307E3D2B8D92C20045A146 /* ResultModel.swift in Sources */,
				F44449D22B98DF31004D9C6B /* HomeViewController.swift in Sources */,
				F441C2B02B602039006D1883 /* SceneDelegate.swift in Sources */,
				F4307E3F2B8D96F00045A146 /* Constants.swift in Sources */,
				F407E4942B9BC58F00E17FA7 /* AdsViewController.swift in Sources */,
				F4307E412B8D98A70045A146 /* LoginViewModel.swift in Sources */,
			);
			runOnlyForDeploymentPostprocessing = 0;
		};
/* End PBXSourcesBuildPhase section */

/* Begin PBXVariantGroup section */
		F441C2B32B602039006D1883 /* Main.storyboard */ = {
			isa = PBXVariantGroup;
			children = (
				F441C2B42B602039006D1883 /* Base */,
			);
			name = Main.storyboard;
			sourceTree = "<group>";
		};
		F441C2B82B60203B006D1883 /* LaunchScreen.storyboard */ = {
			isa = PBXVariantGroup;
			children = (
				F441C2B92B60203B006D1883 /* Base */,
			);
			name = LaunchScreen.storyboard;
			sourceTree = "<group>";
		};
/* End PBXVariantGroup section */

/* Begin XCBuildConfiguration section */
		F441C2BC2B60203B006D1883 /* Debug */ = {
			isa = XCBuildConfiguration;
			buildSettings = {
				ALWAYS_SEARCH_USER_PATHS = NO;
				ASSETCATALOG_COMPILER_GENERATE_SWIFT_ASSET_SYMBOL_EXTENSIONS = YES;
				CLANG_ANALYZER_NONNULL = YES;
				CLANG_ANALYZER_NUMBER_OBJECT_CONVERSION = YES_AGGRESSIVE;
				CLANG_CXX_LANGUAGE_STANDARD = "gnu++20";
				CLANG_ENABLE_MODULES = YES;
				CLANG_ENABLE_OBJC_ARC = YES;
				CLANG_ENABLE_OBJC_WEAK = YES;
				CLANG_WARN_BLOCK_CAPTURE_AUTORELEASING = YES;
				CLANG_WARN_BOOL_CONVERSION = YES;
				CLANG_WARN_COMMA = YES;
				CLANG_WARN_CONSTANT_CONVERSION = YES;
				CLANG_WARN_DEPRECATED_OBJC_IMPLEMENTATIONS = YES;
				CLANG_WARN_DIRECT_OBJC_ISA_USAGE = YES_ERROR;
				CLANG_WARN_DOCUMENTATION_COMMENTS = YES;
				CLANG_WARN_EMPTY_BODY = YES;
				CLANG_WARN_ENUM_CONVERSION = YES;
				CLANG_WARN_INFINITE_RECURSION = YES;
				CLANG_WARN_INT_CONVERSION = YES;
				CLANG_WARN_NON_LITERAL_NULL_CONVERSION = YES;
				CLANG_WARN_OBJC_IMPLICIT_RETAIN_SELF = YES;
				CLANG_WARN_OBJC_LITERAL_CONVERSION = YES;
				CLANG_WARN_OBJC_ROOT_CLASS = YES_ERROR;
				CLANG_WARN_QUOTED_INCLUDE_IN_FRAMEWORK_HEADER = YES;
				CLANG_WARN_RANGE_LOOP_ANALYSIS = YES;
				CLANG_WARN_STRICT_PROTOTYPES = YES;
				CLANG_WARN_SUSPICIOUS_MOVE = YES;
				CLANG_WARN_UNGUARDED_AVAILABILITY = YES_AGGRESSIVE;
				CLANG_WARN_UNREACHABLE_CODE = YES;
				CLANG_WARN__DUPLICATE_METHOD_MATCH = YES;
				COPY_PHASE_STRIP = NO;
				DEBUG_INFORMATION_FORMAT = dwarf;
				ENABLE_STRICT_OBJC_MSGSEND = YES;
				ENABLE_TESTABILITY = YES;
				ENABLE_USER_SCRIPT_SANDBOXING = YES;
				GCC_C_LANGUAGE_STANDARD = gnu17;
				GCC_DYNAMIC_NO_PIC = NO;
				GCC_NO_COMMON_BLOCKS = YES;
				GCC_OPTIMIZATION_LEVEL = 0;
				GCC_PREPROCESSOR_DEFINITIONS = (
					"DEBUG=1",
					"$(inherited)",
				);
				GCC_WARN_64_TO_32_BIT_CONVERSION = YES;
				GCC_WARN_ABOUT_RETURN_TYPE = YES_ERROR;
				GCC_WARN_UNDECLARED_SELECTOR = YES;
				GCC_WARN_UNINITIALIZED_AUTOS = YES_AGGRESSIVE;
				GCC_WARN_UNUSED_FUNCTION = YES;
				GCC_WARN_UNUSED_VARIABLE = YES;
				IPHONEOS_DEPLOYMENT_TARGET = 17.2;
				LOCALIZATION_PREFERS_STRING_CATALOGS = YES;
				MTL_ENABLE_DEBUG_INFO = INCLUDE_SOURCE;
				MTL_FAST_MATH = YES;
				ONLY_ACTIVE_ARCH = YES;
				SDKROOT = iphoneos;
				SWIFT_ACTIVE_COMPILATION_CONDITIONS = "DEBUG $(inherited)";
				SWIFT_OPTIMIZATION_LEVEL = "-Onone";
			};
			name = Debug;
		};
		F441C2BD2B60203B006D1883 /* Release */ = {
			isa = XCBuildConfiguration;
			buildSettings = {
				ALWAYS_SEARCH_USER_PATHS = NO;
				ASSETCATALOG_COMPILER_GENERATE_SWIFT_ASSET_SYMBOL_EXTENSIONS = YES;
				CLANG_ANALYZER_NONNULL = YES;
				CLANG_ANALYZER_NUMBER_OBJECT_CONVERSION = YES_AGGRESSIVE;
				CLANG_CXX_LANGUAGE_STANDARD = "gnu++20";
				CLANG_ENABLE_MODULES = YES;
				CLANG_ENABLE_OBJC_ARC = YES;
				CLANG_ENABLE_OBJC_WEAK = YES;
				CLANG_WARN_BLOCK_CAPTURE_AUTORELEASING = YES;
				CLANG_WARN_BOOL_CONVERSION = YES;
				CLANG_WARN_COMMA = YES;
				CLANG_WARN_CONSTANT_CONVERSION = YES;
				CLANG_WARN_DEPRECATED_OBJC_IMPLEMENTATIONS = YES;
				CLANG_WARN_DIRECT_OBJC_ISA_USAGE = YES_ERROR;
				CLANG_WARN_DOCUMENTATION_COMMENTS = YES;
				CLANG_WARN_EMPTY_BODY = YES;
				CLANG_WARN_ENUM_CONVERSION = YES;
				CLANG_WARN_INFINITE_RECURSION = YES;
				CLANG_WARN_INT_CONVERSION = YES;
				CLANG_WARN_NON_LITERAL_NULL_CONVERSION = YES;
				CLANG_WARN_OBJC_IMPLICIT_RETAIN_SELF = YES;
				CLANG_WARN_OBJC_LITERAL_CONVERSION = YES;
				CLANG_WARN_OBJC_ROOT_CLASS = YES_ERROR;
				CLANG_WARN_QUOTED_INCLUDE_IN_FRAMEWORK_HEADER = YES;
				CLANG_WARN_RANGE_LOOP_ANALYSIS = YES;
				CLANG_WARN_STRICT_PROTOTYPES = YES;
				CLANG_WARN_SUSPICIOUS_MOVE = YES;
				CLANG_WARN_UNGUARDED_AVAILABILITY = YES_AGGRESSIVE;
				CLANG_WARN_UNREACHABLE_CODE = YES;
				CLANG_WARN__DUPLICATE_METHOD_MATCH = YES;
				COPY_PHASE_STRIP = NO;
				DEBUG_INFORMATION_FORMAT = "dwarf-with-dsym";
				ENABLE_NS_ASSERTIONS = NO;
				ENABLE_STRICT_OBJC_MSGSEND = YES;
				ENABLE_USER_SCRIPT_SANDBOXING = YES;
				GCC_C_LANGUAGE_STANDARD = gnu17;
				GCC_NO_COMMON_BLOCKS = YES;
				GCC_WARN_64_TO_32_BIT_CONVERSION = YES;
				GCC_WARN_ABOUT_RETURN_TYPE = YES_ERROR;
				GCC_WARN_UNDECLARED_SELECTOR = YES;
				GCC_WARN_UNINITIALIZED_AUTOS = YES_AGGRESSIVE;
				GCC_WARN_UNUSED_FUNCTION = YES;
				GCC_WARN_UNUSED_VARIABLE = YES;
				IPHONEOS_DEPLOYMENT_TARGET = 17.2;
				LOCALIZATION_PREFERS_STRING_CATALOGS = YES;
				MTL_ENABLE_DEBUG_INFO = NO;
				MTL_FAST_MATH = YES;
				SDKROOT = iphoneos;
				SWIFT_COMPILATION_MODE = wholemodule;
				VALIDATE_PRODUCT = YES;
			};
			name = Release;
		};
		F441C2BF2B60203B006D1883 /* Debug */ = {
			isa = XCBuildConfiguration;
			buildSettings = {
				ASSETCATALOG_COMPILER_APPICON_NAME = AppIcon;
				ASSETCATALOG_COMPILER_GLOBAL_ACCENT_COLOR_NAME = AccentColor;
				CODE_SIGN_STYLE = Automatic;
				CURRENT_PROJECT_VERSION = 1;
				DEVELOPMENT_TEAM = 98YXJBZVMH;
				GENERATE_INFOPLIST_FILE = YES;
				INFOPLIST_FILE = OtoGaleri/Info.plist;
				INFOPLIST_KEY_UIApplicationSupportsIndirectInputEvents = YES;
				INFOPLIST_KEY_UILaunchStoryboardName = LaunchScreen;
				INFOPLIST_KEY_UIMainStoryboardFile = Main;
				INFOPLIST_KEY_UISupportedInterfaceOrientations_iPad = "UIInterfaceOrientationPortrait UIInterfaceOrientationPortraitUpsideDown UIInterfaceOrientationLandscapeLeft UIInterfaceOrientationLandscapeRight";
				INFOPLIST_KEY_UISupportedInterfaceOrientations_iPhone = "UIInterfaceOrientationPortrait UIInterfaceOrientationLandscapeLeft UIInterfaceOrientationLandscapeRight";
				IPHONEOS_DEPLOYMENT_TARGET = 17.4;
				LD_RUNPATH_SEARCH_PATHS = (
					"$(inherited)",
					"@executable_path/Frameworks",
				);
				MARKETING_VERSION = 1.0;
				PRODUCT_BUNDLE_IDENTIFIER = com.hasanbilgin.OtoGaleri;
				PRODUCT_NAME = "$(TARGET_NAME)";
				SWIFT_EMIT_LOC_STRINGS = YES;
				SWIFT_VERSION = 5.0;
				TARGETED_DEVICE_FAMILY = "1,2";
			};
			name = Debug;
		};
		F441C2C02B60203B006D1883 /* Release */ = {
			isa = XCBuildConfiguration;
			buildSettings = {
				ASSETCATALOG_COMPILER_APPICON_NAME = AppIcon;
				ASSETCATALOG_COMPILER_GLOBAL_ACCENT_COLOR_NAME = AccentColor;
				CODE_SIGN_STYLE = Automatic;
				CURRENT_PROJECT_VERSION = 1;
				DEVELOPMENT_TEAM = 98YXJBZVMH;
				GENERATE_INFOPLIST_FILE = YES;
				INFOPLIST_FILE = OtoGaleri/Info.plist;
				INFOPLIST_KEY_UIApplicationSupportsIndirectInputEvents = YES;
				INFOPLIST_KEY_UILaunchStoryboardName = LaunchScreen;
				INFOPLIST_KEY_UIMainStoryboardFile = Main;
				INFOPLIST_KEY_UISupportedInterfaceOrientations_iPad = "UIInterfaceOrientationPortrait UIInterfaceOrientationPortraitUpsideDown UIInterfaceOrientationLandscapeLeft UIInterfaceOrientationLandscapeRight";
				INFOPLIST_KEY_UISupportedInterfaceOrientations_iPhone = "UIInterfaceOrientationPortrait UIInterfaceOrientationLandscapeLeft UIInterfaceOrientationLandscapeRight";
				IPHONEOS_DEPLOYMENT_TARGET = 17.4;
				LD_RUNPATH_SEARCH_PATHS = (
					"$(inherited)",
					"@executable_path/Frameworks",
				);
				MARKETING_VERSION = 1.0;
				PRODUCT_BUNDLE_IDENTIFIER = com.hasanbilgin.OtoGaleri;
				PRODUCT_NAME = "$(TARGET_NAME)";
				SWIFT_EMIT_LOC_STRINGS = YES;
				SWIFT_VERSION = 5.0;
				TARGETED_DEVICE_FAMILY = "1,2";
			};
			name = Release;
		};
/* End XCBuildConfiguration section */

/* Begin XCConfigurationList section */
		F441C2A52B602039006D1883 /* Build configuration list for PBXProject "OtoGaleri" */ = {
			isa = XCConfigurationList;
			buildConfigurations = (
				F441C2BC2B60203B006D1883 /* Debug */,
				F441C2BD2B60203B006D1883 /* Release */,
			);
			defaultConfigurationIsVisible = 0;
			defaultConfigurationName = Release;
		};
		F441C2BE2B60203B006D1883 /* Build configuration list for PBXNativeTarget "OtoGaleri" */ = {
			isa = XCConfigurationList;
			buildConfigurations = (
				F441C2BF2B60203B006D1883 /* Debug */,
				F441C2C02B60203B006D1883 /* Release */,
			);
			defaultConfigurationIsVisible = 0;
			defaultConfigurationName = Release;
		};
/* End XCConfigurationList section */

/* Begin XCRemoteSwiftPackageReference section */
		F4307E422B8D99720045A146 /* XCRemoteSwiftPackageReference "RxSwift" */ = {
			isa = XCRemoteSwiftPackageReference;
			repositoryURL = "https://github.com/ReactiveX/RxSwift";
			requirement = {
				kind = upToNextMajorVersion;
				minimumVersion = 6.6.0;
			};
		};
/* End XCRemoteSwiftPackageReference section */

/* Begin XCSwiftPackageProductDependency section */
		F4307E432B8D99720045A146 /* RxCocoa */ = {
			isa = XCSwiftPackageProductDependency;
			package = F4307E422B8D99720045A146 /* XCRemoteSwiftPackageReference "RxSwift" */;
			productName = RxCocoa;
		};
		F4307E452B8D99720045A146 /* RxSwift */ = {
			isa = XCSwiftPackageProductDependency;
			package = F4307E422B8D99720045A146 /* XCRemoteSwiftPackageReference "RxSwift" */;
			productName = RxSwift;
		};
/* End XCSwiftPackageProductDependency section */
	};
	rootObject = F441C2A22B602039006D1883 /* Project object */;
}
